
Microsoft Visual Studio Solution File, Format Version 12.00
# Visual Studio Version 16
VisualStudioVersion = 16.0.30104.148
MinimumVisualStudioVersion = 10.0.40219.1
Project("{FAE04EC0-301F-11D3-BF4B-00C04F79EFBC}") = "SmartTV", "SmartTV.csproj", "{959EDD6B-77DC-4A0E-83E3-4A9A6112508C}"
EndProject
Global
	GlobalSection(SolutionConfigurationPlatforms) = preSolution
		Debug|Any CPU = Debug|Any CPU
		Debug|x64 = Debug|x64
		Release|Any CPU = Release|Any CPU
		Release|x64 = Release|x64
	EndGlobalSection
	GlobalSection(ProjectConfigurationPlatforms) = postSolution
		{959EDD6B-77DC-4A0E-83E3-4A9A6112508C}.Debug|Any CPU.ActiveCfg = Debug|Any CPU
		{959EDD6B-77DC-4A0E-83E3-4A9A6112508C}.Debug|Any CPU.Build.0 = Debug|Any CPU
		{959EDD6B-77DC-4A0E-83E3-4A9A6112508C}.Debug|x64.ActiveCfg = Debug|x64
		{959EDD6B-77DC-4A0E-83E3-4A9A6112508C}.Debug|x64.Build.0 = Debug|x64
		{959EDD6B-77DC-4A0E-83E3-4A9A6112508C}.Release|Any CPU.ActiveCfg = Release|Any CPU
		{959EDD6B-77DC-4A0E-83E3-4A9A6112508C}.Release|Any CPU.Build.0 = Release|Any CPU
		{959EDD6B-77DC-4A0E-83E3-4A9A6112508C}.Release|x64.ActiveCfg = Release|x64
		{959EDD6B-77DC-4A0E-83E3-4A9A6112508C}.Release|x64.Build.0 = Release|x64
	EndGlobalSection
	GlobalSection(SolutionProperties) = preSolution
		HideSolutionNode = FALSE
	EndGlobalSection
	GlobalSection(ExtensibilityGlobals) = postSolution
		SolutionGuid = {E298FD95-51FA-442F-9763-AAB108391B46}
	EndGlobalSection
EndGlobal
